<?xml version="1.0" encoding="utf-8"?>
<Project ToolsVersion="4.0" xmlns="http://schemas.microsoft.com/developer/msbuild/2003">
  <ItemGroup>
    <Filter Include="Fichiers sources">
      <UniqueIdentifier>{4FC737F1-C7A5-4376-A066-2A32D752A2FF}</UniqueIdentifier>
      <Extensions>cpp;c;cc;cxx;c++;cppm;ixx;def;odl;idl;hpj;bat;asm;asmx</Extensions>
    </Filter>
    <Filter Include="Fichiers d%27en-tête">
      <UniqueIdentifier>{93995380-89BD-4b04-88EB-625FBE52EBFB}</UniqueIdentifier>
      <Extensions>h;hh;hpp;hxx;h++;hm;inl;inc;ipp;xsd</Extensions>
    </Filter>
    <Filter Include="Fichiers de ressources">
      <UniqueIdentifier>{67DA6AB6-F800-4c08-8B7A-83BB121AAD01}</UniqueIdentifier>
      <Extensions>rc;ico;cur;bmp;dlg;rc2;rct;bin;rgs;gif;jpg;jpeg;jpe;resx;tiff;tif;png;wav;mfcribbon-ms</Extensions>
    </Filter>
    <Filter Include="Fichiers d%27en-tête\Menu">
      <UniqueIdentifier>{f8a38a28-16e1-4c13-8957-f185160396f6}</UniqueIdentifier>
    </Filter>
    <Filter Include="Fichiers sources\Menu">
      <UniqueIdentifier>{1fe2bf8f-a828-4388-b673-28320f4600a8}</UniqueIdentifier>
    </Filter>
    <Filter Include="Fichiers sources\Libs">
      <UniqueIdentifier>{ece83321-5ad1-4d20-b342-9e72ce82cd4f}</UniqueIdentifier>
    </Filter>
    <Filter Include="Fichiers d%27en-tête\Libs">
      <UniqueIdentifier>{edf14d4e-6134-48e1-8021-d820f40c14f7}</UniqueIdentifier>
    </Filter>
    <Filter Include="Fichiers d%27en-tête\Game">
      <UniqueIdentifier>{91b95bd7-615e-4e4f-b9a4-89a853b220ee}</UniqueIdentifier>
    </Filter>
    <Filter Include="Fichiers sources\Game">
      <UniqueIdentifier>{d98029f1-eebe-4265-9657-f03da61b5c64}</UniqueIdentifier>
    </Filter>
  </ItemGroup>
  <ItemGroup>
    <ClCompile Include="GameState.c">
      <Filter>Fichiers sources</Filter>
    </ClCompile>
    <ClCompile Include="Menu\Menu.c">
      <Filter>Fichiers sources\Menu</Filter>
    </ClCompile>
    <ClCompile Include="Libs\Collision.c">
      <Filter>Fichiers sources\Libs</Filter>
    </ClCompile>
    <ClCompile Include="Libs\Animation.c">
      <Filter>Fichiers sources\Libs</Filter>
    </ClCompile>
    <ClCompile Include="Game\Game.c">
      <Filter>Fichiers sources\Game</Filter>
    </ClCompile>
    <ClCompile Include="Game\Player.c">
      <Filter>Fichiers sources\Game</Filter>
    </ClCompile>
    <ClCompile Include="Game\Ennemy.c">
      <Filter>Fichiers sources\Game</Filter>
    </ClCompile>
    <ClCompile Include="Libs\Utilities.c">
      <Filter>Fichiers sources\Libs</Filter>
    </ClCompile>
    <ClCompile Include="main.c">
      <Filter>Fichiers sources</Filter>
    </ClCompile>
    <ClCompile Include="Libs\Text.c">
      <Filter>Fichiers sources\Libs</Filter>
    </ClCompile>
    <ClCompile Include="Debug.c">
      <Filter>Fichiers sources</Filter>
    </ClCompile>
  </ItemGroup>
  <ItemGroup>
    <ClInclude Include="GameState.h">
      <Filter>Fichiers d%27en-tête</Filter>
    </ClInclude>
    <ClInclude Include="Menu\Menu.h">
      <Filter>Fichiers d%27en-tête\Menu</Filter>
    </ClInclude>
    <ClInclude Include="Libs\Collision.h">
      <Filter>Fichiers d%27en-tête\Libs</Filter>
    </ClInclude>
    <ClInclude Include="Libs\Common.h">
      <Filter>Fichiers d%27en-tête\Libs</Filter>
    </ClInclude>
    <ClInclude Include="Libs\Animations.h">
      <Filter>Fichiers d%27en-tête\Libs</Filter>
    </ClInclude>
    <ClInclude Include="Game\Game.h">
      <Filter>Fichiers d%27en-tête\Game</Filter>
    </ClInclude>
    <ClInclude Include="Game\Player.h">
      <Filter>Fichiers d%27en-tête\Game</Filter>
    </ClInclude>
    <ClInclude Include="Game\Ennemy.h">
      <Filter>Fichiers d%27en-tête\Game</Filter>
    </ClInclude>
    <ClInclude Include="Libs\Utilities.h">
      <Filter>Fichiers d%27en-tête\Libs</Filter>
    </ClInclude>
    <ClInclude Include="Libs\Text.h">
      <Filter>Fichiers d%27en-tête\Libs</Filter>
    </ClInclude>
    <ClInclude Include="Debug.h">
      <Filter>Fichiers d%27en-tête</Filter>
    </ClInclude>
  </ItemGroup>
  <ItemGroup>
    <ResourceCompile Include="..\resources.rc">
      <Filter>Fichiers de ressources</Filter>
    </ResourceCompile>
  </ItemGroup>
</Project>